
Microsoft Visual Studio Solution File, Format Version 12.00
# Visual Studio Version 17
VisualStudioVersion = 17.10.35201.131
MinimumVisualStudioVersion = 10.0.40219.1
Project("{FAE04EC0-301F-11D3-BF4B-00C04F79EFBC}") = "FirstDemo", "FirstDemo\FirstDemo.csproj", "{D16A5C30-F95F-40B4-BCC1-B06208CD20A6}"
EndProject
Project("{FAE04EC0-301F-11D3-BF4B-00C04F79EFBC}") = "AVOReactiveUI", "AVOReactvieUI\AVOReactiveUI.csproj", "{0C4D66DD-8C39-404C-80B4-46DC364A8FD9}"
EndProject
Project("{FAE04EC0-301F-11D3-BF4B-00C04F79EFBC}") = "AvaloniaApplication1", "AvaloniaApplication1\AvaloniaApplication1.csproj", "{BBEED3E3-702C-4D82-B28C-6C6842AA272D}"
EndProject
Project("{FAE04EC0-301F-11D3-BF4B-00C04F79EFBC}") = "AVOMvvm", "AVOMvvm\AVOMvvm.csproj", "{D4C5F103-A17E-468A-9F1D-F35E6F23EC12}"
EndProject
Project("{FAE04EC0-301F-11D3-BF4B-00C04F79EFBC}") = "AvaloniaPrsimSimple", "AvaloniaPrsimSimple\AvaloniaPrsimSimple.csproj", "{368F1E32-D76F-C059-897A-EA75BDBDB368}"
EndProject
Project("{FAE04EC0-301F-11D3-BF4B-00C04F79EFBC}") = "AvaloniaPrsim.Test", "AvaloniaPrsim.Test\AvaloniaPrsim.Test.csproj", "{3FD10B0E-DAC9-D6C8-BE8A-849E40DC7DD6}"
EndProject
Project("{FAE04EC0-301F-11D3-BF4B-00C04F79EFBC}") = "AvoWorkflowCoreDemo", "AvoWorkflowCoreDemo\AvoWorkflowCoreDemo.csproj", "{C8BD5976-D894-49B7-90E7-574DBE1317CE}"
EndProject
Project("{FAE04EC0-301F-11D3-BF4B-00C04F79EFBC}") = "WorkflowCore", "WorkflowCore\WorkflowCore.csproj", "{81ACCD7D-EB94-BBF2-16D6-BF9D6B627F54}"
EndProject
Project("{FAE04EC0-301F-11D3-BF4B-00C04F79EFBC}") = "AvoElsaWorkflowDemo", "AvoElsaWorkflowDemo\AvoElsaWorkflowDemo.csproj", "{06F38A9D-A11C-44F4-AA0E-D1329640079E}"
EndProject
Project("{2150E333-8FDC-42A3-9474-1A3956D46DE8}") = "Cross", "Cross", "{02EA681E-C7D8-13C7-8484-4AC65E1B71E8}"
EndProject
Project("{FAE04EC0-301F-11D3-BF4B-00C04F79EFBC}") = "AvaloniaCross", "AvaloniaCross\AvaloniaCross\AvaloniaCross.csproj", "{8B4DD501-7F4D-45CA-9A8A-1F6B579302F9}"
EndProject
Project("{FAE04EC0-301F-11D3-BF4B-00C04F79EFBC}") = "AvaloniaCross.Android", "AvaloniaCross\AvaloniaCross.Android\AvaloniaCross.Android.csproj", "{4B7D07B6-3E1C-43C9-8852-A117F86B1703}"
EndProject
Project("{FAE04EC0-301F-11D3-BF4B-00C04F79EFBC}") = "AvaloniaCross.Desktop", "AvaloniaCross\AvaloniaCross.Desktop\AvaloniaCross.Desktop.csproj", "{52DC37EF-0FF6-455D-AAC4-89C347C153CE}"
EndProject
Project("{FAE04EC0-301F-11D3-BF4B-00C04F79EFBC}") = "AvaloniaCross.iOS", "AvaloniaCross\AvaloniaCross.iOS\AvaloniaCross.iOS.csproj", "{D0BD3EC1-6FF2-48B5-98EE-8C36022C78C6}"
EndProject
Project("{FAE04EC0-301F-11D3-BF4B-00C04F79EFBC}") = "AvaloniaCross.Browser", "AvaloniaCross\AvaloniaCross.Browser\AvaloniaCross.Browser.csproj", "{94300634-F7AD-42AD-924A-3D6CD2EB5026}"
EndProject
Project("{FAE04EC0-301F-11D3-BF4B-00C04F79EFBC}") = "UrsaDemo", "UrsaDemo\UrsaDemo.csproj", "{A9BA60D1-A150-4217-9921-33AF34D82FA5}"
EndProject
Global
	GlobalSection(SolutionConfigurationPlatforms) = preSolution
		Debug|Any CPU = Debug|Any CPU
		Release|Any CPU = Release|Any CPU
	EndGlobalSection
	GlobalSection(ProjectConfigurationPlatforms) = postSolution
		{D16A5C30-F95F-40B4-BCC1-B06208CD20A6}.Debug|Any CPU.ActiveCfg = Debug|Any CPU
		{D16A5C30-F95F-40B4-BCC1-B06208CD20A6}.Debug|Any CPU.Build.0 = Debug|Any CPU
		{D16A5C30-F95F-40B4-BCC1-B06208CD20A6}.Release|Any CPU.ActiveCfg = Release|Any CPU
		{D16A5C30-F95F-40B4-BCC1-B06208CD20A6}.Release|Any CPU.Build.0 = Release|Any CPU
		{0C4D66DD-8C39-404C-80B4-46DC364A8FD9}.Debug|Any CPU.ActiveCfg = Debug|Any CPU
		{0C4D66DD-8C39-404C-80B4-46DC364A8FD9}.Debug|Any CPU.Build.0 = Debug|Any CPU
		{0C4D66DD-8C39-404C-80B4-46DC364A8FD9}.Release|Any CPU.ActiveCfg = Release|Any CPU
		{0C4D66DD-8C39-404C-80B4-46DC364A8FD9}.Release|Any CPU.Build.0 = Release|Any CPU
		{BBEED3E3-702C-4D82-B28C-6C6842AA272D}.Debug|Any CPU.ActiveCfg = Debug|Any CPU
		{BBEED3E3-702C-4D82-B28C-6C6842AA272D}.Debug|Any CPU.Build.0 = Debug|Any CPU
		{BBEED3E3-702C-4D82-B28C-6C6842AA272D}.Release|Any CPU.ActiveCfg = Release|Any CPU
		{BBEED3E3-702C-4D82-B28C-6C6842AA272D}.Release|Any CPU.Build.0 = Release|Any CPU
		{D4C5F103-A17E-468A-9F1D-F35E6F23EC12}.Debug|Any CPU.ActiveCfg = Debug|Any CPU
		{D4C5F103-A17E-468A-9F1D-F35E6F23EC12}.Debug|Any CPU.Build.0 = Debug|Any CPU
		{D4C5F103-A17E-468A-9F1D-F35E6F23EC12}.Release|Any CPU.ActiveCfg = Release|Any CPU
		{D4C5F103-A17E-468A-9F1D-F35E6F23EC12}.Release|Any CPU.Build.0 = Release|Any CPU
		{368F1E32-D76F-C059-897A-EA75BDBDB368}.Debug|Any CPU.ActiveCfg = Debug|Any CPU
		{368F1E32-D76F-C059-897A-EA75BDBDB368}.Debug|Any CPU.Build.0 = Debug|Any CPU
		{368F1E32-D76F-C059-897A-EA75BDBDB368}.Release|Any CPU.ActiveCfg = Release|Any CPU
		{368F1E32-D76F-C059-897A-EA75BDBDB368}.Release|Any CPU.Build.0 = Release|Any CPU
		{3FD10B0E-DAC9-D6C8-BE8A-849E40DC7DD6}.Debug|Any CPU.ActiveCfg = Debug|Any CPU
		{3FD10B0E-DAC9-D6C8-BE8A-849E40DC7DD6}.Debug|Any CPU.Build.0 = Debug|Any CPU
		{3FD10B0E-DAC9-D6C8-BE8A-849E40DC7DD6}.Release|Any CPU.ActiveCfg = Release|Any CPU
		{3FD10B0E-DAC9-D6C8-BE8A-849E40DC7DD6}.Release|Any CPU.Build.0 = Release|Any CPU
		{C8BD5976-D894-49B7-90E7-574DBE1317CE}.Debug|Any CPU.ActiveCfg = Debug|Any CPU
		{C8BD5976-D894-49B7-90E7-574DBE1317CE}.Debug|Any CPU.Build.0 = Debug|Any CPU
		{C8BD5976-D894-49B7-90E7-574DBE1317CE}.Release|Any CPU.ActiveCfg = Release|Any CPU
		{C8BD5976-D894-49B7-90E7-574DBE1317CE}.Release|Any CPU.Build.0 = Release|Any CPU
		{81ACCD7D-EB94-BBF2-16D6-BF9D6B627F54}.Debug|Any CPU.ActiveCfg = Debug|Any CPU
		{81ACCD7D-EB94-BBF2-16D6-BF9D6B627F54}.Debug|Any CPU.Build.0 = Debug|Any CPU
		{81ACCD7D-EB94-BBF2-16D6-BF9D6B627F54}.Release|Any CPU.ActiveCfg = Release|Any CPU
		{81ACCD7D-EB94-BBF2-16D6-BF9D6B627F54}.Release|Any CPU.Build.0 = Release|Any CPU
		{06F38A9D-A11C-44F4-AA0E-D1329640079E}.Debug|Any CPU.ActiveCfg = Debug|Any CPU
		{06F38A9D-A11C-44F4-AA0E-D1329640079E}.Debug|Any CPU.Build.0 = Debug|Any CPU
		{06F38A9D-A11C-44F4-AA0E-D1329640079E}.Release|Any CPU.ActiveCfg = Release|Any CPU
		{06F38A9D-A11C-44F4-AA0E-D1329640079E}.Release|Any CPU.Build.0 = Release|Any CPU
		{8B4DD501-7F4D-45CA-9A8A-1F6B579302F9}.Debug|Any CPU.ActiveCfg = Debug|Any CPU
		{8B4DD501-7F4D-45CA-9A8A-1F6B579302F9}.Debug|Any CPU.Build.0 = Debug|Any CPU
		{8B4DD501-7F4D-45CA-9A8A-1F6B579302F9}.Release|Any CPU.ActiveCfg = Release|Any CPU
		{8B4DD501-7F4D-45CA-9A8A-1F6B579302F9}.Release|Any CPU.Build.0 = Release|Any CPU
		{4B7D07B6-3E1C-43C9-8852-A117F86B1703}.Debug|Any CPU.ActiveCfg = Debug|Any CPU
		{4B7D07B6-3E1C-43C9-8852-A117F86B1703}.Debug|Any CPU.Build.0 = Debug|Any CPU
		{4B7D07B6-3E1C-43C9-8852-A117F86B1703}.Debug|Any CPU.Deploy.0 = Debug|Any CPU
		{4B7D07B6-3E1C-43C9-8852-A117F86B1703}.Release|Any CPU.ActiveCfg = Release|Any CPU
		{4B7D07B6-3E1C-43C9-8852-A117F86B1703}.Release|Any CPU.Build.0 = Release|Any CPU
		{4B7D07B6-3E1C-43C9-8852-A117F86B1703}.Release|Any CPU.Deploy.0 = Release|Any CPU
		{52DC37EF-0FF6-455D-AAC4-89C347C153CE}.Debug|Any CPU.ActiveCfg = Debug|Any CPU
		{52DC37EF-0FF6-455D-AAC4-89C347C153CE}.Debug|Any CPU.Build.0 = Debug|Any CPU
		{52DC37EF-0FF6-455D-AAC4-89C347C153CE}.Release|Any CPU.ActiveCfg = Release|Any CPU
		{52DC37EF-0FF6-455D-AAC4-89C347C153CE}.Release|Any CPU.Build.0 = Release|Any CPU
		{D0BD3EC1-6FF2-48B5-98EE-8C36022C78C6}.Debug|Any CPU.ActiveCfg = Debug|Any CPU
		{D0BD3EC1-6FF2-48B5-98EE-8C36022C78C6}.Debug|Any CPU.Build.0 = Debug|Any CPU
		{D0BD3EC1-6FF2-48B5-98EE-8C36022C78C6}.Debug|Any CPU.Deploy.0 = Debug|Any CPU
		{D0BD3EC1-6FF2-48B5-98EE-8C36022C78C6}.Release|Any CPU.ActiveCfg = Release|Any CPU
		{D0BD3EC1-6FF2-48B5-98EE-8C36022C78C6}.Release|Any CPU.Build.0 = Release|Any CPU
		{D0BD3EC1-6FF2-48B5-98EE-8C36022C78C6}.Release|Any CPU.Deploy.0 = Release|Any CPU
		{94300634-F7AD-42AD-924A-3D6CD2EB5026}.Debug|Any CPU.ActiveCfg = Debug|Any CPU
		{94300634-F7AD-42AD-924A-3D6CD2EB5026}.Debug|Any CPU.Build.0 = Debug|Any CPU
		{94300634-F7AD-42AD-924A-3D6CD2EB5026}.Release|Any CPU.ActiveCfg = Release|Any CPU
		{94300634-F7AD-42AD-924A-3D6CD2EB5026}.Release|Any CPU.Build.0 = Release|Any CPU
		{A9BA60D1-A150-4217-9921-33AF34D82FA5}.Debug|Any CPU.ActiveCfg = Debug|Any CPU
		{A9BA60D1-A150-4217-9921-33AF34D82FA5}.Debug|Any CPU.Build.0 = Debug|Any CPU
		{A9BA60D1-A150-4217-9921-33AF34D82FA5}.Release|Any CPU.ActiveCfg = Release|Any CPU
		{A9BA60D1-A150-4217-9921-33AF34D82FA5}.Release|Any CPU.Build.0 = Release|Any CPU
	EndGlobalSection
	GlobalSection(SolutionProperties) = preSolution
		HideSolutionNode = FALSE
	EndGlobalSection
	GlobalSection(NestedProjects) = preSolution
		{8B4DD501-7F4D-45CA-9A8A-1F6B579302F9} = {02EA681E-C7D8-13C7-8484-4AC65E1B71E8}
		{4B7D07B6-3E1C-43C9-8852-A117F86B1703} = {02EA681E-C7D8-13C7-8484-4AC65E1B71E8}
		{52DC37EF-0FF6-455D-AAC4-89C347C153CE} = {02EA681E-C7D8-13C7-8484-4AC65E1B71E8}
		{D0BD3EC1-6FF2-48B5-98EE-8C36022C78C6} = {02EA681E-C7D8-13C7-8484-4AC65E1B71E8}
		{94300634-F7AD-42AD-924A-3D6CD2EB5026} = {02EA681E-C7D8-13C7-8484-4AC65E1B71E8}
	EndGlobalSection
	GlobalSection(ExtensibilityGlobals) = postSolution
		SolutionGuid = {C216E8AD-98D9-4C7D-87A8-7B81857A0EBF}
	EndGlobalSection
EndGlobal
